{
  "version": 4,
  "terraform_version": "1.4.2",
  "serial": 3,
  "lineage": "246046db-3e04-2fe4-ecb3-9b050e41629b",
  "outputs": {},
  "resources": [
    {
      "mode": "managed",
      "type": "aws_vpc",
      "name": "main",
      "provider": "provider[\"registry.terraform.io/hashicorp/aws\"]",
      "instances": [
        {
          "schema_version": 1,
          "attributes": {
            "arn": "arn:aws:ec2:us-east-1:688117735572:vpc/vpc-0bbd7fd4715be1e9f",
            "assign_generated_ipv6_cidr_block": false,
            "cidr_block": "10.0.0.0/16",
            "default_network_acl_id": "acl-07fb5e6ff056d6ba5",
            "default_route_table_id": "rtb-06205f77036eb0ef2",
            "default_security_group_id": "sg-0be0201752521265d",
            "dhcp_options_id": "dopt-0d61c26bc4f6c60d1",
            "enable_dns_hostnames": false,
            "enable_dns_support": true,
            "enable_network_address_usage_metrics": false,
            "id": "vpc-0bbd7fd4715be1e9f",
            "instance_tenancy": "default",
            "ipv4_ipam_pool_id": null,
            "ipv4_netmask_length": null,
            "ipv6_association_id": "",
            "ipv6_cidr_block": "",
            "ipv6_cidr_block_network_border_group": "",
            "ipv6_ipam_pool_id": "",
            "ipv6_netmask_length": 0,
            "main_route_table_id": "rtb-06205f77036eb0ef2",
            "owner_id": "688117735572",
            "tags": {
              "Name": "tfCloud"
            },
            "tags_all": {
              "Name": "tfCloud"
            }
          },
          "sensitive_attributes": [],
          "private": "eyJzY2hlbWFfdmVyc2lvbiI6IjEifQ=="
        }
      ]
    }
  ],
  "check_results": null
}
